{
  "name": "fundamentos",
  "version": "1.0.0",
  "lockfileVersion": 3,
  "requires": true,
  "packages": {
    "": {
      "name": "fundamentos",
      "version": "1.0.0",
      "license": "ISC",
      "dependencies": {
        "csv-generate": "^4.4.0",
        "csv-parse": "^5.5.5"
      }
    },
    "node_modules/csv-generate": {
      "version": "4.4.0",
      "resolved": "https://registry.npmjs.org/csv-generate/-/csv-generate-4.4.0.tgz",
      "integrity": "sha512-geM01acNPZ0wr4/9sKev5fCzFG/tsc/NbuFWrhLc47M1zQyUdEJH65+cxTLIVafEwhBjIYwQ7fdOL9roBqVltQ=="
    },
    "node_modules/csv-parse": {
      "version": "5.5.5",
      "resolved": "https://registry.npmjs.org/csv-parse/-/csv-parse-5.5.5.tgz",
      "integrity": "sha512-erCk7tyU3yLWAhk6wvKxnyPtftuy/6Ak622gOO7BCJ05+TYffnPCJF905wmOQm+BpkX54OdAl8pveJwUdpnCXQ=="
    }
  }
}
